
Microsoft Visual Studio Solution File, Format Version 12.00
# Visual Studio Version 16
VisualStudioVersion = 16.0.29806.167
MinimumVisualStudioVersion = 10.0.40219.1
Project("{FAE04EC0-301F-11D3-BF4B-00C04F79EFBC}") = "CSharp-Practice-Library", "CSharp-Practice-Library\CSharp-Practice-Library.csproj", "{15C58749-83AB-495E-9396-7D37E9E7A624}"
EndProject
Global
	GlobalSection(SolutionConfigurationPlatforms) = preSolution
		Debug|Any CPU = Debug|Any CPU
		Release|Any CPU = Release|Any CPU
	EndGlobalSection
	GlobalSection(ProjectConfigurationPlatforms) = postSolution
		{15C58749-83AB-495E-9396-7D37E9E7A624}.Debug|Any CPU.ActiveCfg = Debug|Any CPU
		{15C58749-83AB-495E-9396-7D37E9E7A624}.Debug|Any CPU.Build.0 = Debug|Any CPU
		{15C58749-83AB-495E-9396-7D37E9E7A624}.Release|Any CPU.ActiveCfg = Release|Any CPU
		{15C58749-83AB-495E-9396-7D37E9E7A624}.Release|Any CPU.Build.0 = Release|Any CPU
	EndGlobalSection
	GlobalSection(SolutionProperties) = preSolution
		HideSolutionNode = FALSE
	EndGlobalSection
	GlobalSection(ExtensibilityGlobals) = postSolution
		SolutionGuid = {ADFB5EA6-F6CF-4882-9F94-882ED5D61619}
	EndGlobalSection
EndGlobal
